
Microsoft Visual Studio Solution File, Format Version 12.00
# Visual Studio Version 16
VisualStudioVersion = 16.0.31005.135
MinimumVisualStudioVersion = 10.0.40219.1
Project("{FAE04EC0-301F-11D3-BF4B-00C04F79EFBC}") = "iit.crossplateforme.Data", "iit.crossplateforme.Data\iit.crossplateforme.Data.csproj", "{AA983585-3AAA-4A46-997F-241CFD713BC5}"
EndProject
Project("{FAE04EC0-301F-11D3-BF4B-00C04F79EFBC}") = "iit.crossplateforme.Domain", "iit.crossplateforme.Domain\iit.crossplateforme.Domain.csproj", "{9FAEE651-626B-4BED-95C2-58774E0FC37D}"
EndProject
Project("{FAE04EC0-301F-11D3-BF4B-00C04F79EFBC}") = "iit.crossplateforme.webApi", "iit.crossplateforme.webApi\iit.crossplateforme.webApi.csproj", "{5624F006-0F2C-46D0-9D51-4982FCE79609}"
EndProject
Global
	GlobalSection(SolutionConfigurationPlatforms) = preSolution
		Debug|Any CPU = Debug|Any CPU
		Release|Any CPU = Release|Any CPU
	EndGlobalSection
	GlobalSection(ProjectConfigurationPlatforms) = postSolution
		{AA983585-3AAA-4A46-997F-241CFD713BC5}.Debug|Any CPU.ActiveCfg = Debug|Any CPU
		{AA983585-3AAA-4A46-997F-241CFD713BC5}.Debug|Any CPU.Build.0 = Debug|Any CPU
		{AA983585-3AAA-4A46-997F-241CFD713BC5}.Release|Any CPU.ActiveCfg = Release|Any CPU
		{AA983585-3AAA-4A46-997F-241CFD713BC5}.Release|Any CPU.Build.0 = Release|Any CPU
		{9FAEE651-626B-4BED-95C2-58774E0FC37D}.Debug|Any CPU.ActiveCfg = Debug|Any CPU
		{9FAEE651-626B-4BED-95C2-58774E0FC37D}.Debug|Any CPU.Build.0 = Debug|Any CPU
		{9FAEE651-626B-4BED-95C2-58774E0FC37D}.Release|Any CPU.ActiveCfg = Release|Any CPU
		{9FAEE651-626B-4BED-95C2-58774E0FC37D}.Release|Any CPU.Build.0 = Release|Any CPU
		{5624F006-0F2C-46D0-9D51-4982FCE79609}.Debug|Any CPU.ActiveCfg = Debug|Any CPU
		{5624F006-0F2C-46D0-9D51-4982FCE79609}.Debug|Any CPU.Build.0 = Debug|Any CPU
		{5624F006-0F2C-46D0-9D51-4982FCE79609}.Release|Any CPU.ActiveCfg = Release|Any CPU
		{5624F006-0F2C-46D0-9D51-4982FCE79609}.Release|Any CPU.Build.0 = Release|Any CPU
	EndGlobalSection
	GlobalSection(SolutionProperties) = preSolution
		HideSolutionNode = FALSE
	EndGlobalSection
	GlobalSection(ExtensibilityGlobals) = postSolution
		SolutionGuid = {A152C5D0-1B2D-4589-BEDC-2816837A526E}
	EndGlobalSection
EndGlobal
